
Microsoft Visual Studio Solution File, Format Version 12.00
# Visual Studio Version 17
VisualStudioVersion = 17.10.34928.147
MinimumVisualStudioVersion = 10.0.40219.1
Project("{9A19103F-16F7-4668-BE54-9A1E7A4F7556}") = "client", "client\client.csproj", "{710E2BD8-9255-472C-8362-9E1C3F3F3F66}"
EndProject
Project("{FAE04EC0-301F-11D3-BF4B-00C04F79EFBC}") = "server", "server\server.csproj", "{E06E07AB-2ED2-43EB-9041-0052F9E74EE6}"
EndProject
Global
	GlobalSection(SolutionConfigurationPlatforms) = preSolution
		Debug|Any CPU = Debug|Any CPU
		Debug|x64 = Debug|x64
		Debug|x86 = Debug|x86
		Release|Any CPU = Release|Any CPU
		Release|x64 = Release|x64
		Release|x86 = Release|x86
	EndGlobalSection
	GlobalSection(ProjectConfigurationPlatforms) = postSolution
		{710E2BD8-9255-472C-8362-9E1C3F3F3F66}.Debug|Any CPU.ActiveCfg = Debug|Any CPU
		{710E2BD8-9255-472C-8362-9E1C3F3F3F66}.Debug|Any CPU.Build.0 = Debug|Any CPU
		{710E2BD8-9255-472C-8362-9E1C3F3F3F66}.Debug|x64.ActiveCfg = Debug|Any CPU
		{710E2BD8-9255-472C-8362-9E1C3F3F3F66}.Debug|x64.Build.0 = Debug|Any CPU
		{710E2BD8-9255-472C-8362-9E1C3F3F3F66}.Debug|x86.ActiveCfg = Debug|Any CPU
		{710E2BD8-9255-472C-8362-9E1C3F3F3F66}.Debug|x86.Build.0 = Debug|Any CPU
		{710E2BD8-9255-472C-8362-9E1C3F3F3F66}.Release|Any CPU.ActiveCfg = Release|Any CPU
		{710E2BD8-9255-472C-8362-9E1C3F3F3F66}.Release|Any CPU.Build.0 = Release|Any CPU
		{710E2BD8-9255-472C-8362-9E1C3F3F3F66}.Release|x64.ActiveCfg = Release|Any CPU
		{710E2BD8-9255-472C-8362-9E1C3F3F3F66}.Release|x64.Build.0 = Release|Any CPU
		{710E2BD8-9255-472C-8362-9E1C3F3F3F66}.Release|x86.ActiveCfg = Release|Any CPU
		{710E2BD8-9255-472C-8362-9E1C3F3F3F66}.Release|x86.Build.0 = Release|Any CPU
		{E06E07AB-2ED2-43EB-9041-0052F9E74EE6}.Debug|Any CPU.ActiveCfg = Debug|Any CPU
		{E06E07AB-2ED2-43EB-9041-0052F9E74EE6}.Debug|Any CPU.Build.0 = Debug|Any CPU
		{E06E07AB-2ED2-43EB-9041-0052F9E74EE6}.Debug|x64.ActiveCfg = Debug|Any CPU
		{E06E07AB-2ED2-43EB-9041-0052F9E74EE6}.Debug|x64.Build.0 = Debug|Any CPU
		{E06E07AB-2ED2-43EB-9041-0052F9E74EE6}.Debug|x86.ActiveCfg = Debug|Any CPU
		{E06E07AB-2ED2-43EB-9041-0052F9E74EE6}.Debug|x86.Build.0 = Debug|Any CPU
		{E06E07AB-2ED2-43EB-9041-0052F9E74EE6}.Release|Any CPU.ActiveCfg = Release|Any CPU
		{E06E07AB-2ED2-43EB-9041-0052F9E74EE6}.Release|Any CPU.Build.0 = Release|Any CPU
		{E06E07AB-2ED2-43EB-9041-0052F9E74EE6}.Release|x64.ActiveCfg = Release|Any CPU
		{E06E07AB-2ED2-43EB-9041-0052F9E74EE6}.Release|x64.Build.0 = Release|Any CPU
		{E06E07AB-2ED2-43EB-9041-0052F9E74EE6}.Release|x86.ActiveCfg = Release|Any CPU
		{E06E07AB-2ED2-43EB-9041-0052F9E74EE6}.Release|x86.Build.0 = Release|Any CPU
	EndGlobalSection
	GlobalSection(SolutionProperties) = preSolution
		HideSolutionNode = FALSE
	EndGlobalSection
	GlobalSection(ExtensibilityGlobals) = postSolution
		SolutionGuid = {CB3D4153-E6C8-46AC-88A2-0644AC9010E4}
	EndGlobalSection
EndGlobal
