
Microsoft Visual Studio Solution File, Format Version 12.00
# Visual Studio Version 17
VisualStudioVersion = 17.10.34928.147
MinimumVisualStudioVersion = 10.0.40219.1
Project("{9A19103F-16F7-4668-BE54-9A1E7A4F7556}") = "server", "server\server.csproj", "{A1868A97-B434-4EE5-B18B-13DB5F157412}"
EndProject
Project("{8BC9CEB8-8B4A-11D0-8D11-00A0C91BC942}") = "cppserver", "cppserver\cppserver.vcxproj", "{1B4C0A50-344F-460E-A7D0-E7FCDD971C8C}"
EndProject
Global
	GlobalSection(SolutionConfigurationPlatforms) = preSolution
		Debug|Any CPU = Debug|Any CPU
		Debug|x64 = Debug|x64
		Debug|x86 = Debug|x86
		Release|Any CPU = Release|Any CPU
		Release|x64 = Release|x64
		Release|x86 = Release|x86
	EndGlobalSection
	GlobalSection(ProjectConfigurationPlatforms) = postSolution
		{A1868A97-B434-4EE5-B18B-13DB5F157412}.Debug|Any CPU.ActiveCfg = Debug|Any CPU
		{A1868A97-B434-4EE5-B18B-13DB5F157412}.Debug|Any CPU.Build.0 = Debug|Any CPU
		{A1868A97-B434-4EE5-B18B-13DB5F157412}.Debug|x64.ActiveCfg = Debug|Any CPU
		{A1868A97-B434-4EE5-B18B-13DB5F157412}.Debug|x64.Build.0 = Debug|Any CPU
		{A1868A97-B434-4EE5-B18B-13DB5F157412}.Debug|x86.ActiveCfg = Debug|Any CPU
		{A1868A97-B434-4EE5-B18B-13DB5F157412}.Debug|x86.Build.0 = Debug|Any CPU
		{A1868A97-B434-4EE5-B18B-13DB5F157412}.Release|Any CPU.ActiveCfg = Release|Any CPU
		{A1868A97-B434-4EE5-B18B-13DB5F157412}.Release|Any CPU.Build.0 = Release|Any CPU
		{A1868A97-B434-4EE5-B18B-13DB5F157412}.Release|x64.ActiveCfg = Release|Any CPU
		{A1868A97-B434-4EE5-B18B-13DB5F157412}.Release|x64.Build.0 = Release|Any CPU
		{A1868A97-B434-4EE5-B18B-13DB5F157412}.Release|x86.ActiveCfg = Release|Any CPU
		{A1868A97-B434-4EE5-B18B-13DB5F157412}.Release|x86.Build.0 = Release|Any CPU
		{1B4C0A50-344F-460E-A7D0-E7FCDD971C8C}.Debug|Any CPU.ActiveCfg = Debug|x64
		{1B4C0A50-344F-460E-A7D0-E7FCDD971C8C}.Debug|Any CPU.Build.0 = Debug|x64
		{1B4C0A50-344F-460E-A7D0-E7FCDD971C8C}.Debug|x64.ActiveCfg = Debug|x64
		{1B4C0A50-344F-460E-A7D0-E7FCDD971C8C}.Debug|x64.Build.0 = Debug|x64
		{1B4C0A50-344F-460E-A7D0-E7FCDD971C8C}.Debug|x86.ActiveCfg = Debug|Win32
		{1B4C0A50-344F-460E-A7D0-E7FCDD971C8C}.Debug|x86.Build.0 = Debug|Win32
		{1B4C0A50-344F-460E-A7D0-E7FCDD971C8C}.Release|Any CPU.ActiveCfg = Release|x64
		{1B4C0A50-344F-460E-A7D0-E7FCDD971C8C}.Release|Any CPU.Build.0 = Release|x64
		{1B4C0A50-344F-460E-A7D0-E7FCDD971C8C}.Release|x64.ActiveCfg = Release|x64
		{1B4C0A50-344F-460E-A7D0-E7FCDD971C8C}.Release|x64.Build.0 = Release|x64
		{1B4C0A50-344F-460E-A7D0-E7FCDD971C8C}.Release|x86.ActiveCfg = Release|Win32
		{1B4C0A50-344F-460E-A7D0-E7FCDD971C8C}.Release|x86.Build.0 = Release|Win32
	EndGlobalSection
	GlobalSection(SolutionProperties) = preSolution
		HideSolutionNode = FALSE
	EndGlobalSection
	GlobalSection(ExtensibilityGlobals) = postSolution
		SolutionGuid = {CB3D4153-E6C8-46AC-88A2-0644AC9010E4}
	EndGlobalSection
EndGlobal
